<?xml version="1.0" encoding="utf-8"?>
<Project ToolsVersion="4.0" xmlns="http://schemas.microsoft.com/developer/msbuild/2003">
  <ItemGroup>
    <Filter Include="include">
      <UniqueIdentifier>{9ecd2ea9-5963-4e4e-a17a-078146e97591}</UniqueIdentifier>
    </Filter>
    <Filter Include="src">
      <UniqueIdentifier>{e4f4a98a-a7f9-47bb-8729-84073e01e78a}</UniqueIdentifier>
    </Filter>
    <Filter Include="tests">
      <UniqueIdentifier>{a8f3481b-2398-48e0-9126-fbce2595e9a6}</UniqueIdentifier>
    </Filter>
  </ItemGroup>
  <ItemGroup>
    <ClCompile Include="PECHO.cpp">
      <Filter>src</Filter>
    </ClCompile>
  </ItemGroup>
  <ItemGroup>
    <ClInclude Include="Bitboard.h">
      <Filter>include</Filter>
    </ClInclude>
    <ClInclude Include="StandardGameboard.h">
      <Filter>include</Filter>
    </ClInclude>
  </ItemGroup>
</Project>